// !$*UTF8*$!
{
	archiveVersion = 1;
	classes = {
	};
	objectVersion = 46;
	objects = {

/* Begin PBXBuildFile section */
		80168CAF1D65483900117AA4 /* AppDelegate.swift in Sources */ = {isa = PBXBuildFile; fileRef = 80168CAE1D65483900117AA4 /* AppDelegate.swift */; };
		80168CB11D65483900117AA4 /* ViewController.swift in Sources */ = {isa = PBXBuildFile; fileRef = 80168CB01D65483900117AA4 /* ViewController.swift */; };
		80168CB41D65483900117AA4 /* Main.storyboard in Resources */ = {isa = PBXBuildFile; fileRef = 80168CB21D65483900117AA4 /* Main.storyboard */; };
		80168CB61D65483900117AA4 /* Assets.xcassets in Resources */ = {isa = PBXBuildFile; fileRef = 80168CB51D65483900117AA4 /* Assets.xcassets */; };
		80168CB91D65483900117AA4 /* LaunchScreen.storyboard in Resources */ = {isa = PBXBuildFile; fileRef = 80168CB71D65483900117AA4 /* LaunchScreen.storyboard */; };
/* End PBXBuildFile section */

/* Begin PBXFileReference section */
		80168CAB1D65483900117AA4 /* Juego de memoria.app */ = {isa = PBXFileReference; explicitFileType = wrapper.application; includeInIndex = 0; path = "Juego de memoria.app"; sourceTree = BUILT_PRODUCTS_DIR; };
		80168CAE1D65483900117AA4 /* AppDelegate.swift */ = {isa = PBXFileReference; lastKnownFileType = sourcecode.swift; path = AppDelegate.swift; sourceTree = "<group>"; };
		80168CB01D65483900117AA4 /* ViewController.swift */ = {isa = PBXFileReference; lastKnownFileType = sourcecode.swift; path = ViewController.swift; sourceTree = "<group>"; };
		80168CB31D65483900117AA4 /* Base */ = {isa = PBXFileReference; lastKnownFileType = file.storyboard; name = Base; path = Base.lproj/Main.storyboard; sourceTree = "<group>"; };
		80168CB51D65483900117AA4 /* Assets.xcassets */ = {isa = PBXFileReference; lastKnownFileType = folder.assetcatalog; path = Assets.xcassets; sourceTree = "<group>"; };
		80168CB81D65483900117AA4 /* Base */ = {isa = PBXFileReference; lastKnownFileType = file.storyboard; name = Base; path = Base.lproj/LaunchScreen.storyboard; sourceTree = "<group>"; };
		80168CBA1D65483900117AA4 /* Info.plist */ = {isa = PBXFileReference; lastKnownFileType = text.plist.xml; path = Info.plist; sourceTree = "<group>"; };
/* End PBXFileReference section */

/* Begin PBXFrameworksBuildPhase section */
		80168CA81D65483900117AA4 /* Frameworks */ = {
			isa = PBXFrameworksBuildPhase;
			buildActionMask = 2147483647;
			files = (
			);
			runOnlyForDeploymentPostprocessing = 0;
		};
/* End PBXFrameworksBuildPhase section */

/* Begin PBXGroup section */
		80168CA21D65483900117AA4 = {
			isa = PBXGroup;
			children = (
				80168CAD1D65483900117AA4 /* Juego de memoria */,
				80168CAC1D65483900117AA4 /* Products */,
			);
			sourceTree = "<group>";
		};
		80168CAC1D65483900117AA4 /* Products */ = {
			isa = PBXGroup;
			children = (
				80168CAB1D65483900117AA4 /* Juego de memoria.app */,
			);
			name = Products;
			sourceTree = "<group>";
		};
		80168CAD1D65483900117AA4 /* Juego de memoria */ = {
			isa = PBXGroup;
			children = (
				80168CAE1D65483900117AA4 /* AppDelegate.swift */,
				80168CB01D65483900117AA4 /* ViewController.swift */,
				80168CB21D65483900117AA4 /* Main.storyboard */,
				80168CB51D65483900117AA4 /* Assets.xcassets */,
				80168CB71D65483900117AA4 /* LaunchScreen.storyboard */,
				80168CBA1D65483900117AA4 /* Info.plist */,
			);
			path = "Juego de memoria";
			sourceTree = "<group>";
		};
/* End PBXGroup section */

/* Begin PBXNativeTarget section */
		80168CAA1D65483900117AA4 /* Juego de memoria */ = {
			isa = PBXNativeTarget;
			buildConfigurationList = 80168CBD1D65483900117AA4 /* Build configuration list for PBXNativeTarget "Juego de memoria" */;
			buildPhases = (
				80168CA71D65483900117AA4 /* Sources */,
				80168CA81D65483900117AA4 /* Frameworks */,
				80168CA91D65483900117AA4 /* Resources */,
			);
			buildRules = (
			);
			dependencies = (
			);
			name = "Juego de memoria";
			productName = "Juego de memoria";
			productReference = 80168CAB1D65483900117AA4 /* Juego de memoria.app */;
			productType = "com.apple.product-type.application";
		};
/* End PBXNativeTarget section */

/* Begin PBXProject section */
		80168CA31D65483900117AA4 /* Project object */ = {
			isa = PBXProject;
			attributes = {
				LastSwiftUpdateCheck = 0730;
				LastUpgradeCheck = 0730;
				ORGANIZATIONNAME = 170923;
				TargetAttributes = {
					80168CAA1D65483900117AA4 = {
						CreatedOnToolsVersion = 7.3;
					};
				};
			};
			buildConfigurationList = 80168CA61D65483900117AA4 /* Build configuration list for PBXProject "Juego de memoria" */;
			compatibilityVersion = "Xcode 3.2";
			developmentRegion = English;
			hasScannedForEncodings = 0;
			knownRegions = (
				en,
				Base,
			);
			mainGroup = 80168CA21D65483900117AA4;
			productRefGroup = 80168CAC1D65483900117AA4 /* Products */;
			projectDirPath = "";
			projectRoot = "";
			targets = (
				80168CAA1D65483900117AA4 /* Juego de memoria */,
			);
		};
/* End PBXProject section */

/* Begin PBXResourcesBuildPhase section */
		80168CA91D65483900117AA4 /* Resources */ = {
			isa = PBXResourcesBuildPhase;
			buildActionMask = 2147483647;
			files = (
				80168CB91D65483900117AA4 /* LaunchScreen.storyboard in Resources */,
				80168CB61D65483900117AA4 /* Assets.xcassets in Resources */,
				80168CB41D65483900117AA4 /* Main.storyboard in Resources */,
			);
			runOnlyForDeploymentPostprocessing = 0;
		};
/* End PBXResourcesBuildPhase section */

/* Begin PBXSourcesBuildPhase section */
		80168CA71D65483900117AA4 /* Sources */ = {
			isa = PBXSourcesBuildPhase;
			buildActionMask = 2147483647;
			files = (
				80168CB11D65483900117AA4 /* ViewController.swift in Sources */,
				80168CAF1D65483900117AA4 /* AppDelegate.swift in Sources */,
			);
			runOnlyForDeploymentPostprocessing = 0;
		};
/* End PBXSourcesBuildPhase section */

/* Begin PBXVariantGroup section */
		80168CB21D65483900117AA4 /* Main.storyboard */ = {
			isa = PBXVariantGroup;
			children = (
				80168CB31D65483900117AA4 /* Base */,
			);
			name = Main.storyboard;
			sourceTree = "<group>";
		};
		80168CB71D65483900117AA4 /* LaunchScreen.storyboard */ = {
			isa = PBXVariantGroup;
			children = (
				80168CB81D65483900117AA4 /* Base */,
			);
			name = LaunchScreen.storyboard;
			sourceTree = "<group>";
		};
/* End PBXVariantGroup section */

/* Begin XCBuildConfiguration section */
		80168CBB1D65483900117AA4 /* Debug */ = {
			isa = XCBuildConfiguration;
			buildSettings = {
				ALWAYS_SEARCH_USER_PATHS = NO;
				CLANG_ANALYZER_NONNULL = YES;
				CLANG_CXX_LANGUAGE_STANDARD = "gnu++0x";
				CLANG_CXX_LIBRARY = "libc++";
				CLANG_ENABLE_MODULES = YES;
				CLANG_ENABLE_OBJC_ARC = YES;
				CLANG_WARN_BOOL_CONVERSION = YES;
				CLANG_WARN_CONSTANT_CONVERSION = YES;
				CLANG_WARN_DIRECT_OBJC_ISA_USAGE = YES_ERROR;
				CLANG_WARN_EMPTY_BODY = YES;
				CLANG_WARN_ENUM_CONVERSION = YES;
				CLANG_WARN_INT_CONVERSION = YES;
				CLANG_WARN_OBJC_ROOT_CLASS = YES_ERROR;
				CLANG_WARN_UNREACHABLE_CODE = YES;
				CLANG_WARN__DUPLICATE_METHOD_MATCH = YES;
				"CODE_SIGN_IDENTITY[sdk=iphoneos*]" = "iPhone Developer";
				COPY_PHASE_STRIP = NO;
				DEBUG_INFORMATION_FORMAT = dwarf;
				ENABLE_STRICT_OBJC_MSGSEND = YES;
				ENABLE_TESTABILITY = YES;
				GCC_C_LANGUAGE_STANDARD = gnu99;
				GCC_DYNAMIC_NO_PIC = NO;
				GCC_NO_COMMON_BLOCKS = YES;
				GCC_OPTIMIZATION_LEVEL = 0;
				GCC_PREPROCESSOR_DEFINITIONS = (
					"DEBUG=1",
					"$(inherited)",
				);
				GCC_WARN_64_TO_32_BIT_CONVERSION = YES;
				GCC_WARN_ABOUT_RETURN_TYPE = YES_ERROR;
				GCC_WARN_UNDECLARED_SELECTOR = YES;
				GCC_WARN_UNINITIALIZED_AUTOS = YES_AGGRESSIVE;
				GCC_WARN_UNUSED_FUNCTION = YES;
				GCC_WARN_UNUSED_VARIABLE = YES;
				IPHONEOS_DEPLOYMENT_TARGET = 9.3;
				MTL_ENABLE_DEBUG_INFO = YES;
				ONLY_ACTIVE_ARCH = YES;
				SDKROOT = iphoneos;
				SWIFT_OPTIMIZATION_LEVEL = "-Onone";
			};
			name = Debug;
		};
		80168CBC1D65483900117AA4 /* Release */ = {
			isa = XCBuildConfiguration;
			buildSettings = {
				ALWAYS_SEARCH_USER_PATHS = NO;
				CLANG_ANALYZER_NONNULL = YES;
				CLANG_CXX_LANGUAGE_STANDARD = "gnu++0x";
				CLANG_CXX_LIBRARY = "libc++";
				CLANG_ENABLE_MODULES = YES;
				CLANG_ENABLE_OBJC_ARC = YES;
				CLANG_WARN_BOOL_CONVERSION = YES;
				CLANG_WARN_CONSTANT_CONVERSION = YES;
				CLANG_WARN_DIRECT_OBJC_ISA_USAGE = YES_ERROR;
				CLANG_WARN_EMPTY_BODY = YES;
				CLANG_WARN_ENUM_CONVERSION = YES;
				CLANG_WARN_INT_CONVERSION = YES;
				CLANG_WARN_OBJC_ROOT_CLASS = YES_ERROR;
				CLANG_WARN_UNREACHABLE_CODE = YES;
				CLANG_WARN__DUPLICATE_METHOD_MATCH = YES;
				"CODE_SIGN_IDENTITY[sdk=iphoneos*]" = "iPhone Developer";
				COPY_PHASE_STRIP = NO;
				DEBUG_INFORMATION_FORMAT = "dwarf-with-dsym";
				ENABLE_NS_ASSERTIONS = NO;
				ENABLE_STRICT_OBJC_MSGSEND = YES;
				GCC_C_LANGUAGE_STANDARD = gnu99;
				GCC_NO_COMMON_BLOCKS = YES;
				GCC_WARN_64_TO_32_BIT_CONVERSION = YES;
				GCC_WARN_ABOUT_RETURN_TYPE = YES_ERROR;
				GCC_WARN_UNDECLARED_SELECTOR = YES;
				GCC_WARN_UNINITIALIZED_AUTOS = YES_AGGRESSIVE;
				GCC_WARN_UNUSED_FUNCTION = YES;
				GCC_WARN_UNUSED_VARIABLE = YES;
				IPHONEOS_DEPLOYMENT_TARGET = 9.3;
				MTL_ENABLE_DEBUG_INFO = NO;
				SDKROOT = iphoneos;
				VALIDATE_PRODUCT = YES;
			};
			name = Release;
		};
		80168CBE1D65483900117AA4 /* Debug */ = {
			isa = XCBuildConfiguration;
			buildSettings = {
				ASSETCATALOG_COMPILER_APPICON_NAME = AppIcon;
				INFOPLIST_FILE = "Juego de memoria/Info.plist";
				LD_RUNPATH_SEARCH_PATHS = "$(inherited) @executable_path/Frameworks";
				PRODUCT_BUNDLE_IDENTIFIER = "web.Juego-de-memoria";
				PRODUCT_NAME = "$(TARGET_NAME)";
			};
			name = Debug;
		};
		80168CBF1D65483900117AA4 /* Release */ = {
			isa = XCBuildConfiguration;
			buildSettings = {
				ASSETCATALOG_COMPILER_APPICON_NAME = AppIcon;
				INFOPLIST_FILE = "Juego de memoria/Info.plist";
				LD_RUNPATH_SEARCH_PATHS = "$(inherited) @executable_path/Frameworks";
				PRODUCT_BUNDLE_IDENTIFIER = "web.Juego-de-memoria";
				PRODUCT_NAME = "$(TARGET_NAME)";
			};
			name = Release;
		};
/* End XCBuildConfiguration section */

/* Begin XCConfigurationList section */
		80168CA61D65483900117AA4 /* Build configuration list for PBXProject "Juego de memoria" */ = {
			isa = XCConfigurationList;
			buildConfigurations = (
				80168CBB1D65483900117AA4 /* Debug */,
				80168CBC1D65483900117AA4 /* Release */,
			);
			defaultConfigurationIsVisible = 0;
			defaultConfigurationName = Release;
		};
		80168CBD1D65483900117AA4 /* Build configuration list for PBXNativeTarget "Juego de memoria" */ = {
			isa = XCConfigurationList;
			buildConfigurations = (
				80168CBE1D65483900117AA4 /* Debug */,
				80168CBF1D65483900117AA4 /* Release */,
			);
			defaultConfigurationIsVisible = 0;
		};
/* End XCConfigurationList section */
	};
	rootObject = 80168CA31D65483900117AA4 /* Project object */;
}
